
Microsoft Visual Studio Solution File, Format Version 12.00
# Visual Studio 14
VisualStudioVersion = 14.0.25420.1
MinimumVisualStudioVersion = 10.0.40219.1
Project("{FAE04EC0-301F-11D3-BF4B-00C04F79EFBC}") = "Phoenix", "Phoenix\Phoenix.csproj", "{90130050-4514-47C6-ACF1-1A8A5445E3EE}"
EndProject
Project("{2150E333-8FDC-42A3-9474-1A3956D46DE8}") = "SolutionItems", "SolutionItems", "{42265776-8A98-432D-9D8F-95F353010363}"
	ProjectSection(SolutionItems) = preProject
		..\.gitattributes = ..\.gitattributes
		..\.gitignore = ..\.gitignore
		..\LICENSE = ..\LICENSE
		..\README.md = ..\README.md
	EndProjectSection
EndProject
Global
	GlobalSection(SolutionConfigurationPlatforms) = preSolution
		Debug|Any CPU = Debug|Any CPU
		Release|Any CPU = Release|Any CPU
	EndGlobalSection
	GlobalSection(ProjectConfigurationPlatforms) = postSolution
		{90130050-4514-47C6-ACF1-1A8A5445E3EE}.Debug|Any CPU.ActiveCfg = Debug|Any CPU
		{90130050-4514-47C6-ACF1-1A8A5445E3EE}.Debug|Any CPU.Build.0 = Debug|Any CPU
		{90130050-4514-47C6-ACF1-1A8A5445E3EE}.Release|Any CPU.ActiveCfg = Release|Any CPU
		{90130050-4514-47C6-ACF1-1A8A5445E3EE}.Release|Any CPU.Build.0 = Release|Any CPU
	EndGlobalSection
	GlobalSection(SolutionProperties) = preSolution
		HideSolutionNode = FALSE
	EndGlobalSection
EndGlobal
